
Microsoft Visual Studio Solution File, Format Version 12.00
# Visual Studio Version 17
VisualStudioVersion = 17.11.35222.181
MinimumVisualStudioVersion = 10.0.40219.1
Project("{FAE04EC0-301F-11D3-BF4B-00C04F79EFBC}") = "WetterApp", "WetterApp.csproj", "{042AFB6A-50BA-4F57-AC6A-8E5813538C7A}"
EndProject
Global
	GlobalSection(SolutionConfigurationPlatforms) = preSolution
		Debug|Any CPU = Debug|Any CPU
		Release|Any CPU = Release|Any CPU
	EndGlobalSection
	GlobalSection(ProjectConfigurationPlatforms) = postSolution
		{042AFB6A-50BA-4F57-AC6A-8E5813538C7A}.Debug|Any CPU.ActiveCfg = Debug|Any CPU
		{042AFB6A-50BA-4F57-AC6A-8E5813538C7A}.Debug|Any CPU.Build.0 = Debug|Any CPU
		{042AFB6A-50BA-4F57-AC6A-8E5813538C7A}.Release|Any CPU.ActiveCfg = Release|Any CPU
		{042AFB6A-50BA-4F57-AC6A-8E5813538C7A}.Release|Any CPU.Build.0 = Release|Any CPU
	EndGlobalSection
	GlobalSection(SolutionProperties) = preSolution
		HideSolutionNode = FALSE
	EndGlobalSection
	GlobalSection(ExtensibilityGlobals) = postSolution
		SolutionGuid = {4612DC9A-8721-4E82-983C-0F64CEAEB1FC}
	EndGlobalSection
EndGlobal
